
Microsoft Visual Studio Solution File, Format Version 12.00
# Visual Studio Version 16
VisualStudioVersion = 16.0.32510.428
MinimumVisualStudioVersion = 10.0.40219.1
Project("{FAE04EC0-301F-11D3-BF4B-00C04F79EFBC}") = "empcsharp", "empcsharp\empcsharp.csproj", "{BA57D43B-648D-42C8-A200-357776218570}"
EndProject
Global
	GlobalSection(SolutionConfigurationPlatforms) = preSolution
		Debug|Any CPU = Debug|Any CPU
		Release|Any CPU = Release|Any CPU
	EndGlobalSection
	GlobalSection(ProjectConfigurationPlatforms) = postSolution
		{BA57D43B-648D-42C8-A200-357776218570}.Debug|Any CPU.ActiveCfg = Debug|Any CPU
		{BA57D43B-648D-42C8-A200-357776218570}.Debug|Any CPU.Build.0 = Debug|Any CPU
		{BA57D43B-648D-42C8-A200-357776218570}.Release|Any CPU.ActiveCfg = Release|Any CPU
		{BA57D43B-648D-42C8-A200-357776218570}.Release|Any CPU.Build.0 = Release|Any CPU
	EndGlobalSection
	GlobalSection(SolutionProperties) = preSolution
		HideSolutionNode = FALSE
	EndGlobalSection
	GlobalSection(ExtensibilityGlobals) = postSolution
		SolutionGuid = {825DD2EF-8EDB-454C-AE89-47088A470280}
	EndGlobalSection
EndGlobal
